// !$*UTF8*$!
{
	archiveVersion = 1;
	classes = {
	};
	objectVersion = 46;
	objects = {

/* Begin PBXBuildFile section */
		796142531BFF5FFE009E064A /* AppDelegate.swift in Sources */ = {isa = PBXBuildFile; fileRef = 796142521BFF5FFE009E064A /* AppDelegate.swift */; };
		796142551BFF5FFE009E064A /* EightPuzzle.swift in Sources */ = {isa = PBXBuildFile; fileRef = 796142541BFF5FFE009E064A /* EightPuzzle.swift */; };
		796142581BFF5FFE009E064A /* Main.storyboard in Resources */ = {isa = PBXBuildFile; fileRef = 796142561BFF5FFE009E064A /* Main.storyboard */; };
		7961425B1BFF5FFE009E064A /* PicTiles.xcdatamodeld in Sources */ = {isa = PBXBuildFile; fileRef = 796142591BFF5FFE009E064A /* PicTiles.xcdatamodeld */; };
		7961425D1BFF5FFE009E064A /* Assets.xcassets in Resources */ = {isa = PBXBuildFile; fileRef = 7961425C1BFF5FFE009E064A /* Assets.xcassets */; };
		796142601BFF5FFE009E064A /* LaunchScreen.storyboard in Resources */ = {isa = PBXBuildFile; fileRef = 7961425E1BFF5FFE009E064A /* LaunchScreen.storyboard */; };
		7961426B1BFF5FFE009E064A /* PicTilesTests.swift in Sources */ = {isa = PBXBuildFile; fileRef = 7961426A1BFF5FFE009E064A /* PicTilesTests.swift */; };
		796142761BFF5FFE009E064A /* PicTilesUITests.swift in Sources */ = {isa = PBXBuildFile; fileRef = 796142751BFF5FFE009E064A /* PicTilesUITests.swift */; };
		796142841BFF62B0009E064A /* apple-01.jpg in Resources */ = {isa = PBXBuildFile; fileRef = 796142831BFF62B0009E064A /* apple-01.jpg */; };
		796142861BFF6352009E064A /* darkbg.gif in Resources */ = {isa = PBXBuildFile; fileRef = 796142851BFF6352009E064A /* darkbg.gif */; };
		796142881BFF6406009E064A /* cat.jpg in Resources */ = {isa = PBXBuildFile; fileRef = 796142871BFF6406009E064A /* cat.jpg */; };
		798584401C05AF1300F204EA /* AVFoundation.framework in Frameworks */ = {isa = PBXBuildFile; fileRef = 7985843F1C05AF1300F204EA /* AVFoundation.framework */; };
		798584421C05AF1D00F204EA /* ImageIO.framework in Frameworks */ = {isa = PBXBuildFile; fileRef = 798584411C05AF1D00F204EA /* ImageIO.framework */; };
		798584441C05AF5100F204EA /* libz.tbd in Frameworks */ = {isa = PBXBuildFile; fileRef = 798584431C05AF5100F204EA /* libz.tbd */; };
		798584481C05B06900F204EA /* opencv2.framework in Frameworks */ = {isa = PBXBuildFile; fileRef = 798584461C05B03900F204EA /* opencv2.framework */; };
		79E67B371C035B7100E4C0AC /* OpenCv.mm in Sources */ = {isa = PBXBuildFile; fileRef = 79E67B361C035B7100E4C0AC /* OpenCv.mm */; };
		79E7B38A1C05F7D900948823 /* OptionController.swift in Sources */ = {isa = PBXBuildFile; fileRef = 79E7B3891C05F7D900948823 /* OptionController.swift */; };
		79EF878B1C06043000555355 /* FifteenPuzzle.swift in Sources */ = {isa = PBXBuildFile; fileRef = 79EF878A1C06043000555355 /* FifteenPuzzle.swift */; };
		79F657BB1C03688800226015 /* UIImage+OpenCV.mm in Sources */ = {isa = PBXBuildFile; fileRef = 79F657BA1C03688800226015 /* UIImage+OpenCV.mm */; };
/* End PBXBuildFile section */

/* Begin PBXContainerItemProxy section */
		796142671BFF5FFE009E064A /* PBXContainerItemProxy */ = {
			isa = PBXContainerItemProxy;
			containerPortal = 796142471BFF5FFE009E064A /* Project object */;
			proxyType = 1;
			remoteGlobalIDString = 7961424E1BFF5FFE009E064A;
			remoteInfo = PicTiles;
		};
		796142721BFF5FFE009E064A /* PBXContainerItemProxy */ = {
			isa = PBXContainerItemProxy;
			containerPortal = 796142471BFF5FFE009E064A /* Project object */;
			proxyType = 1;
			remoteGlobalIDString = 7961424E1BFF5FFE009E064A;
			remoteInfo = PicTiles;
		};
/* End PBXContainerItemProxy section */

/* Begin PBXFileReference section */
		7961424F1BFF5FFE009E064A /* PicTiles.app */ = {isa = PBXFileReference; explicitFileType = wrapper.application; includeInIndex = 0; path = PicTiles.app; sourceTree = BUILT_PRODUCTS_DIR; };
		796142521BFF5FFE009E064A /* AppDelegate.swift */ = {isa = PBXFileReference; lastKnownFileType = sourcecode.swift; path = AppDelegate.swift; sourceTree = "<group>"; };
		796142541BFF5FFE009E064A /* EightPuzzle.swift */ = {isa = PBXFileReference; lastKnownFileType = sourcecode.swift; path = EightPuzzle.swift; sourceTree = "<group>"; };
		796142571BFF5FFE009E064A /* Base */ = {isa = PBXFileReference; lastKnownFileType = file.storyboard; name = Base; path = Base.lproj/Main.storyboard; sourceTree = "<group>"; };
		7961425A1BFF5FFE009E064A /* PicTiles.xcdatamodel */ = {isa = PBXFileReference; lastKnownFileType = wrapper.xcdatamodel; path = PicTiles.xcdatamodel; sourceTree = "<group>"; };
		7961425C1BFF5FFE009E064A /* Assets.xcassets */ = {isa = PBXFileReference; lastKnownFileType = folder.assetcatalog; path = Assets.xcassets; sourceTree = "<group>"; };
		7961425F1BFF5FFE009E064A /* Base */ = {isa = PBXFileReference; lastKnownFileType = file.storyboard; name = Base; path = Base.lproj/LaunchScreen.storyboard; sourceTree = "<group>"; };
		796142611BFF5FFE009E064A /* Info.plist */ = {isa = PBXFileReference; lastKnownFileType = text.plist.xml; path = Info.plist; sourceTree = "<group>"; };
		796142661BFF5FFE009E064A /* PicTilesTests.xctest */ = {isa = PBXFileReference; explicitFileType = wrapper.cfbundle; includeInIndex = 0; path = PicTilesTests.xctest; sourceTree = BUILT_PRODUCTS_DIR; };
		7961426A1BFF5FFE009E064A /* PicTilesTests.swift */ = {isa = PBXFileReference; lastKnownFileType = sourcecode.swift; path = PicTilesTests.swift; sourceTree = "<group>"; };
		7961426C1BFF5FFE009E064A /* Info.plist */ = {isa = PBXFileReference; lastKnownFileType = text.plist.xml; path = Info.plist; sourceTree = "<group>"; };
		796142711BFF5FFE009E064A /* PicTilesUITests.xctest */ = {isa = PBXFileReference; explicitFileType = wrapper.cfbundle; includeInIndex = 0; path = PicTilesUITests.xctest; sourceTree = BUILT_PRODUCTS_DIR; };
		796142751BFF5FFE009E064A /* PicTilesUITests.swift */ = {isa = PBXFileReference; lastKnownFileType = sourcecode.swift; path = PicTilesUITests.swift; sourceTree = "<group>"; };
		796142771BFF5FFE009E064A /* Info.plist */ = {isa = PBXFileReference; lastKnownFileType = text.plist.xml; path = Info.plist; sourceTree = "<group>"; };
		796142831BFF62B0009E064A /* apple-01.jpg */ = {isa = PBXFileReference; lastKnownFileType = image.jpeg; name = "apple-01.jpg"; path = "PicTiles/apple-01.jpg"; sourceTree = "<group>"; };
		796142851BFF6352009E064A /* darkbg.gif */ = {isa = PBXFileReference; lastKnownFileType = image.gif; path = darkbg.gif; sourceTree = "<group>"; };
		796142871BFF6406009E064A /* cat.jpg */ = {isa = PBXFileReference; lastKnownFileType = image.jpeg; path = cat.jpg; sourceTree = "<group>"; };
		7985843F1C05AF1300F204EA /* AVFoundation.framework */ = {isa = PBXFileReference; lastKnownFileType = wrapper.framework; name = AVFoundation.framework; path = System/Library/Frameworks/AVFoundation.framework; sourceTree = SDKROOT; };
		798584411C05AF1D00F204EA /* ImageIO.framework */ = {isa = PBXFileReference; lastKnownFileType = wrapper.framework; name = ImageIO.framework; path = System/Library/Frameworks/ImageIO.framework; sourceTree = SDKROOT; };
		798584431C05AF5100F204EA /* libz.tbd */ = {isa = PBXFileReference; lastKnownFileType = "sourcecode.text-based-dylib-definition"; name = libz.tbd; path = usr/lib/libz.tbd; sourceTree = SDKROOT; };
		798584461C05B03900F204EA /* opencv2.framework */ = {isa = PBXFileReference; lastKnownFileType = wrapper.framework; path = opencv2.framework; sourceTree = "<group>"; };
		79E67B2B1C03596B00E4C0AC /* PicTiles-Bridging-Header.h */ = {isa = PBXFileReference; lastKnownFileType = sourcecode.c.h; path = "PicTiles-Bridging-Header.h"; sourceTree = "<group>"; };
		79E67B351C035B4500E4C0AC /* OpenCv.h */ = {isa = PBXFileReference; lastKnownFileType = sourcecode.c.h; path = OpenCv.h; sourceTree = "<group>"; };
		79E67B361C035B7100E4C0AC /* OpenCv.mm */ = {isa = PBXFileReference; explicitFileType = sourcecode.cpp.objcpp; fileEncoding = 4; path = OpenCv.mm; sourceTree = "<group>"; };
		79E7B3891C05F7D900948823 /* OptionController.swift */ = {isa = PBXFileReference; fileEncoding = 4; lastKnownFileType = sourcecode.swift; path = OptionController.swift; sourceTree = "<group>"; };
		79EF878A1C06043000555355 /* FifteenPuzzle.swift */ = {isa = PBXFileReference; fileEncoding = 4; lastKnownFileType = sourcecode.swift; path = FifteenPuzzle.swift; sourceTree = "<group>"; };
		79F657B91C03687300226015 /* UIImage+OpenCV.h */ = {isa = PBXFileReference; lastKnownFileType = sourcecode.c.h; path = "UIImage+OpenCV.h"; sourceTree = "<group>"; };
		79F657BA1C03688800226015 /* UIImage+OpenCV.mm */ = {isa = PBXFileReference; explicitFileType = sourcecode.cpp.objcpp; fileEncoding = 4; path = "UIImage+OpenCV.mm"; sourceTree = "<group>"; };
/* End PBXFileReference section */

/* Begin PBXFrameworksBuildPhase section */
		7961424C1BFF5FFE009E064A /* Frameworks */ = {
			isa = PBXFrameworksBuildPhase;
			buildActionMask = 2147483647;
			files = (
				798584481C05B06900F204EA /* opencv2.framework in Frameworks */,
				798584441C05AF5100F204EA /* libz.tbd in Frameworks */,
				798584421C05AF1D00F204EA /* ImageIO.framework in Frameworks */,
				798584401C05AF1300F204EA /* AVFoundation.framework in Frameworks */,
			);
			runOnlyForDeploymentPostprocessing = 0;
		};
		796142631BFF5FFE009E064A /* Frameworks */ = {
			isa = PBXFrameworksBuildPhase;
			buildActionMask = 2147483647;
			files = (
			);
			runOnlyForDeploymentPostprocessing = 0;
		};
		7961426E1BFF5FFE009E064A /* Frameworks */ = {
			isa = PBXFrameworksBuildPhase;
			buildActionMask = 2147483647;
			files = (
			);
			runOnlyForDeploymentPostprocessing = 0;
		};
/* End PBXFrameworksBuildPhase section */

/* Begin PBXGroup section */
		796142461BFF5FFE009E064A = {
			isa = PBXGroup;
			children = (
				796142871BFF6406009E064A /* cat.jpg */,
				796142851BFF6352009E064A /* darkbg.gif */,
				796142831BFF62B0009E064A /* apple-01.jpg */,
				796142511BFF5FFE009E064A /* PicTiles */,
				796142691BFF5FFE009E064A /* PicTilesTests */,
				796142741BFF5FFE009E064A /* PicTilesUITests */,
				796142501BFF5FFE009E064A /* Products */,
				79F657BC1C036C3D00226015 /* Frameworks */,
			);
			sourceTree = "<group>";
		};
		796142501BFF5FFE009E064A /* Products */ = {
			isa = PBXGroup;
			children = (
				7961424F1BFF5FFE009E064A /* PicTiles.app */,
				796142661BFF5FFE009E064A /* PicTilesTests.xctest */,
				796142711BFF5FFE009E064A /* PicTilesUITests.xctest */,
			);
			name = Products;
			sourceTree = "<group>";
		};
		796142511BFF5FFE009E064A /* PicTiles */ = {
			isa = PBXGroup;
			children = (
				796142521BFF5FFE009E064A /* AppDelegate.swift */,
				796142561BFF5FFE009E064A /* Main.storyboard */,
				79F657B91C03687300226015 /* UIImage+OpenCV.h */,
				79F657BA1C03688800226015 /* UIImage+OpenCV.mm */,
				796142541BFF5FFE009E064A /* EightPuzzle.swift */,
				79EF878A1C06043000555355 /* FifteenPuzzle.swift */,
				79E7B3891C05F7D900948823 /* OptionController.swift */,
				7961425C1BFF5FFE009E064A /* Assets.xcassets */,
				7961425E1BFF5FFE009E064A /* LaunchScreen.storyboard */,
				796142611BFF5FFE009E064A /* Info.plist */,
				796142591BFF5FFE009E064A /* PicTiles.xcdatamodeld */,
				79E67B2B1C03596B00E4C0AC /* PicTiles-Bridging-Header.h */,
				79E67B351C035B4500E4C0AC /* OpenCv.h */,
				79E67B361C035B7100E4C0AC /* OpenCv.mm */,
			);
			path = PicTiles;
			sourceTree = "<group>";
		};
		796142691BFF5FFE009E064A /* PicTilesTests */ = {
			isa = PBXGroup;
			children = (
				7961426A1BFF5FFE009E064A /* PicTilesTests.swift */,
				7961426C1BFF5FFE009E064A /* Info.plist */,
			);
			path = PicTilesTests;
			sourceTree = "<group>";
		};
		796142741BFF5FFE009E064A /* PicTilesUITests */ = {
			isa = PBXGroup;
			children = (
				796142751BFF5FFE009E064A /* PicTilesUITests.swift */,
				796142771BFF5FFE009E064A /* Info.plist */,
			);
			path = PicTilesUITests;
			sourceTree = "<group>";
		};
		79F657BC1C036C3D00226015 /* Frameworks */ = {
			isa = PBXGroup;
			children = (
				798584461C05B03900F204EA /* opencv2.framework */,
				798584431C05AF5100F204EA /* libz.tbd */,
				798584411C05AF1D00F204EA /* ImageIO.framework */,
				7985843F1C05AF1300F204EA /* AVFoundation.framework */,
			);
			name = Frameworks;
			sourceTree = "<group>";
		};
/* End PBXGroup section */

/* Begin PBXNativeTarget section */
		7961424E1BFF5FFE009E064A /* PicTiles */ = {
			isa = PBXNativeTarget;
			buildConfigurationList = 7961427A1BFF5FFE009E064A /* Build configuration list for PBXNativeTarget "PicTiles" */;
			buildPhases = (
				7961424B1BFF5FFE009E064A /* Sources */,
				7961424C1BFF5FFE009E064A /* Frameworks */,
				7961424D1BFF5FFE009E064A /* Resources */,
			);
			buildRules = (
			);
			dependencies = (
			);
			name = PicTiles;
			productName = PicTiles;
			productReference = 7961424F1BFF5FFE009E064A /* PicTiles.app */;
			productType = "com.apple.product-type.application";
		};
		796142651BFF5FFE009E064A /* PicTilesTests */ = {
			isa = PBXNativeTarget;
			buildConfigurationList = 7961427D1BFF5FFE009E064A /* Build configuration list for PBXNativeTarget "PicTilesTests" */;
			buildPhases = (
				796142621BFF5FFE009E064A /* Sources */,
				796142631BFF5FFE009E064A /* Frameworks */,
				796142641BFF5FFE009E064A /* Resources */,
			);
			buildRules = (
			);
			dependencies = (
				796142681BFF5FFE009E064A /* PBXTargetDependency */,
			);
			name = PicTilesTests;
			productName = PicTilesTests;
			productReference = 796142661BFF5FFE009E064A /* PicTilesTests.xctest */;
			productType = "com.apple.product-type.bundle.unit-test";
		};
		796142701BFF5FFE009E064A /* PicTilesUITests */ = {
			isa = PBXNativeTarget;
			buildConfigurationList = 796142801BFF5FFE009E064A /* Build configuration list for PBXNativeTarget "PicTilesUITests" */;
			buildPhases = (
				7961426D1BFF5FFE009E064A /* Sources */,
				7961426E1BFF5FFE009E064A /* Frameworks */,
				7961426F1BFF5FFE009E064A /* Resources */,
			);
			buildRules = (
			);
			dependencies = (
				796142731BFF5FFE009E064A /* PBXTargetDependency */,
			);
			name = PicTilesUITests;
			productName = PicTilesUITests;
			productReference = 796142711BFF5FFE009E064A /* PicTilesUITests.xctest */;
			productType = "com.apple.product-type.bundle.ui-testing";
		};
/* End PBXNativeTarget section */

/* Begin PBXProject section */
		796142471BFF5FFE009E064A /* Project object */ = {
			isa = PBXProject;
			attributes = {
				LastSwiftUpdateCheck = 0710;
				LastUpgradeCheck = 0710;
				ORGANIZATIONNAME = "Puttipong S.";
				TargetAttributes = {
					7961424E1BFF5FFE009E064A = {
						CreatedOnToolsVersion = 7.1.1;
					};
					796142651BFF5FFE009E064A = {
						CreatedOnToolsVersion = 7.1.1;
						TestTargetID = 7961424E1BFF5FFE009E064A;
					};
					796142701BFF5FFE009E064A = {
						CreatedOnToolsVersion = 7.1.1;
						TestTargetID = 7961424E1BFF5FFE009E064A;
					};
				};
			};
			buildConfigurationList = 7961424A1BFF5FFE009E064A /* Build configuration list for PBXProject "PicTiles" */;
			compatibilityVersion = "Xcode 3.2";
			developmentRegion = English;
			hasScannedForEncodings = 0;
			knownRegions = (
				en,
				Base,
			);
			mainGroup = 796142461BFF5FFE009E064A;
			productRefGroup = 796142501BFF5FFE009E064A /* Products */;
			projectDirPath = "";
			projectRoot = "";
			targets = (
				7961424E1BFF5FFE009E064A /* PicTiles */,
				796142651BFF5FFE009E064A /* PicTilesTests */,
				796142701BFF5FFE009E064A /* PicTilesUITests */,
			);
		};
/* End PBXProject section */

/* Begin PBXResourcesBuildPhase section */
		7961424D1BFF5FFE009E064A /* Resources */ = {
			isa = PBXResourcesBuildPhase;
			buildActionMask = 2147483647;
			files = (
				796142601BFF5FFE009E064A /* LaunchScreen.storyboard in Resources */,
				796142861BFF6352009E064A /* darkbg.gif in Resources */,
				796142881BFF6406009E064A /* cat.jpg in Resources */,
				7961425D1BFF5FFE009E064A /* Assets.xcassets in Resources */,
				796142581BFF5FFE009E064A /* Main.storyboard in Resources */,
				796142841BFF62B0009E064A /* apple-01.jpg in Resources */,
			);
			runOnlyForDeploymentPostprocessing = 0;
		};
		796142641BFF5FFE009E064A /* Resources */ = {
			isa = PBXResourcesBuildPhase;
			buildActionMask = 2147483647;
			files = (
			);
			runOnlyForDeploymentPostprocessing = 0;
		};
		7961426F1BFF5FFE009E064A /* Resources */ = {
			isa = PBXResourcesBuildPhase;
			buildActionMask = 2147483647;
			files = (
			);
			runOnlyForDeploymentPostprocessing = 0;
		};
/* End PBXResourcesBuildPhase section */

/* Begin PBXSourcesBuildPhase section */
		7961424B1BFF5FFE009E064A /* Sources */ = {
			isa = PBXSourcesBuildPhase;
			buildActionMask = 2147483647;
			files = (
				79E7B38A1C05F7D900948823 /* OptionController.swift in Sources */,
				7961425B1BFF5FFE009E064A /* PicTiles.xcdatamodeld in Sources */,
				796142551BFF5FFE009E064A /* EightPuzzle.swift in Sources */,
				79E67B371C035B7100E4C0AC /* OpenCv.mm in Sources */,
				796142531BFF5FFE009E064A /* AppDelegate.swift in Sources */,
				79EF878B1C06043000555355 /* FifteenPuzzle.swift in Sources */,
				79F657BB1C03688800226015 /* UIImage+OpenCV.mm in Sources */,
			);
			runOnlyForDeploymentPostprocessing = 0;
		};
		796142621BFF5FFE009E064A /* Sources */ = {
			isa = PBXSourcesBuildPhase;
			buildActionMask = 2147483647;
			files = (
				7961426B1BFF5FFE009E064A /* PicTilesTests.swift in Sources */,
			);
			runOnlyForDeploymentPostprocessing = 0;
		};
		7961426D1BFF5FFE009E064A /* Sources */ = {
			isa = PBXSourcesBuildPhase;
			buildActionMask = 2147483647;
			files = (
				796142761BFF5FFE009E064A /* PicTilesUITests.swift in Sources */,
			);
			runOnlyForDeploymentPostprocessing = 0;
		};
/* End PBXSourcesBuildPhase section */

/* Begin PBXTargetDependency section */
		796142681BFF5FFE009E064A /* PBXTargetDependency */ = {
			isa = PBXTargetDependency;
			target = 7961424E1BFF5FFE009E064A /* PicTiles */;
			targetProxy = 796142671BFF5FFE009E064A /* PBXContainerItemProxy */;
		};
		796142731BFF5FFE009E064A /* PBXTargetDependency */ = {
			isa = PBXTargetDependency;
			target = 7961424E1BFF5FFE009E064A /* PicTiles */;
			targetProxy = 796142721BFF5FFE009E064A /* PBXContainerItemProxy */;
		};
/* End PBXTargetDependency section */

/* Begin PBXVariantGroup section */
		796142561BFF5FFE009E064A /* Main.storyboard */ = {
			isa = PBXVariantGroup;
			children = (
				796142571BFF5FFE009E064A /* Base */,
			);
			name = Main.storyboard;
			sourceTree = "<group>";
		};
		7961425E1BFF5FFE009E064A /* LaunchScreen.storyboard */ = {
			isa = PBXVariantGroup;
			children = (
				7961425F1BFF5FFE009E064A /* Base */,
			);
			name = LaunchScreen.storyboard;
			sourceTree = "<group>";
		};
/* End PBXVariantGroup section */

/* Begin XCBuildConfiguration section */
		796142781BFF5FFE009E064A /* Debug */ = {
			isa = XCBuildConfiguration;
			buildSettings = {
				ALWAYS_SEARCH_USER_PATHS = NO;
				CLANG_CXX_LANGUAGE_STANDARD = "gnu++0x";
				CLANG_CXX_LIBRARY = "libc++";
				CLANG_ENABLE_MODULES = YES;
				CLANG_ENABLE_OBJC_ARC = YES;
				CLANG_WARN_BOOL_CONVERSION = YES;
				CLANG_WARN_CONSTANT_CONVERSION = YES;
				CLANG_WARN_DIRECT_OBJC_ISA_USAGE = YES_ERROR;
				CLANG_WARN_EMPTY_BODY = YES;
				CLANG_WARN_ENUM_CONVERSION = YES;
				CLANG_WARN_INT_CONVERSION = YES;
				CLANG_WARN_OBJC_ROOT_CLASS = YES_ERROR;
				CLANG_WARN_UNREACHABLE_CODE = YES;
				CLANG_WARN__DUPLICATE_METHOD_MATCH = YES;
				"CODE_SIGN_IDENTITY[sdk=iphoneos*]" = "iPhone Developer";
				COPY_PHASE_STRIP = NO;
				DEBUG_INFORMATION_FORMAT = dwarf;
				ENABLE_STRICT_OBJC_MSGSEND = YES;
				ENABLE_TESTABILITY = YES;
				GCC_C_LANGUAGE_STANDARD = gnu99;
				GCC_DYNAMIC_NO_PIC = NO;
				GCC_NO_COMMON_BLOCKS = YES;
				GCC_OPTIMIZATION_LEVEL = 0;
				GCC_PREPROCESSOR_DEFINITIONS = (
					"DEBUG=1",
					"$(inherited)",
				);
				GCC_WARN_64_TO_32_BIT_CONVERSION = YES;
				GCC_WARN_ABOUT_RETURN_TYPE = YES_ERROR;
				GCC_WARN_UNDECLARED_SELECTOR = YES;
				GCC_WARN_UNINITIALIZED_AUTOS = YES_AGGRESSIVE;
				GCC_WARN_UNUSED_FUNCTION = YES;
				GCC_WARN_UNUSED_VARIABLE = YES;
				HEADER_SEARCH_PATHS = /opt/local/include;
				IPHONEOS_DEPLOYMENT_TARGET = 8.1;
				MTL_ENABLE_DEBUG_INFO = YES;
				ONLY_ACTIVE_ARCH = YES;
				SDKROOT = iphoneos;
				SWIFT_OPTIMIZATION_LEVEL = "-Onone";
				TARGETED_DEVICE_FAMILY = "1,2";
			};
			name = Debug;
		};
		796142791BFF5FFE009E064A /* Release */ = {
			isa = XCBuildConfiguration;
			buildSettings = {
				ALWAYS_SEARCH_USER_PATHS = NO;
				CLANG_CXX_LANGUAGE_STANDARD = "gnu++0x";
				CLANG_CXX_LIBRARY = "libc++";
				CLANG_ENABLE_MODULES = YES;
				CLANG_ENABLE_OBJC_ARC = YES;
				CLANG_WARN_BOOL_CONVERSION = YES;
				CLANG_WARN_CONSTANT_CONVERSION = YES;
				CLANG_WARN_DIRECT_OBJC_ISA_USAGE = YES_ERROR;
				CLANG_WARN_EMPTY_BODY = YES;
				CLANG_WARN_ENUM_CONVERSION = YES;
				CLANG_WARN_INT_CONVERSION = YES;
				CLANG_WARN_OBJC_ROOT_CLASS = YES_ERROR;
				CLANG_WARN_UNREACHABLE_CODE = YES;
				CLANG_WARN__DUPLICATE_METHOD_MATCH = YES;
				"CODE_SIGN_IDENTITY[sdk=iphoneos*]" = "iPhone Developer";
				COPY_PHASE_STRIP = NO;
				DEBUG_INFORMATION_FORMAT = "dwarf-with-dsym";
				ENABLE_NS_ASSERTIONS = NO;
				ENABLE_STRICT_OBJC_MSGSEND = YES;
				GCC_C_LANGUAGE_STANDARD = gnu99;
				GCC_NO_COMMON_BLOCKS = YES;
				GCC_WARN_64_TO_32_BIT_CONVERSION = YES;
				GCC_WARN_ABOUT_RETURN_TYPE = YES_ERROR;
				GCC_WARN_UNDECLARED_SELECTOR = YES;
				GCC_WARN_UNINITIALIZED_AUTOS = YES_AGGRESSIVE;
				GCC_WARN_UNUSED_FUNCTION = YES;
				GCC_WARN_UNUSED_VARIABLE = YES;
				HEADER_SEARCH_PATHS = /opt/local/include;
				IPHONEOS_DEPLOYMENT_TARGET = 8.1;
				MTL_ENABLE_DEBUG_INFO = NO;
				SDKROOT = iphoneos;
				TARGETED_DEVICE_FAMILY = "1,2";
				VALIDATE_PRODUCT = YES;
			};
			name = Release;
		};
		7961427B1BFF5FFE009E064A /* Debug */ = {
			isa = XCBuildConfiguration;
			buildSettings = {
				ASSETCATALOG_COMPILER_APPICON_NAME = AppIcon;
				CLANG_ENABLE_MODULES = YES;
				FRAMEWORK_SEARCH_PATHS = (
					"$(inherited)",
					"$(PROJECT_DIR)",
				);
				HEADER_SEARCH_PATHS = "";
				INFOPLIST_FILE = PicTiles/Info.plist;
				LD_RUNPATH_SEARCH_PATHS = "$(inherited) @executable_path/Frameworks";
				LIBRARY_SEARCH_PATHS = "";
				OTHER_LDFLAGS = "";
				PRODUCT_BUNDLE_IDENTIFIER = SIIT.PicTiles;
				PRODUCT_NAME = "$(TARGET_NAME)";
				SWIFT_OBJC_BRIDGING_HEADER = "PicTiles/PicTiles-Bridging-Header.h";
				SWIFT_OPTIMIZATION_LEVEL = "-Onone";
			};
			name = Debug;
		};
		7961427C1BFF5FFE009E064A /* Release */ = {
			isa = XCBuildConfiguration;
			buildSettings = {
				ASSETCATALOG_COMPILER_APPICON_NAME = AppIcon;
				CLANG_ENABLE_MODULES = YES;
				FRAMEWORK_SEARCH_PATHS = (
					"$(inherited)",
					"$(PROJECT_DIR)",
				);
				HEADER_SEARCH_PATHS = "";
				INFOPLIST_FILE = PicTiles/Info.plist;
				LD_RUNPATH_SEARCH_PATHS = "$(inherited) @executable_path/Frameworks";
				LIBRARY_SEARCH_PATHS = "";
				OTHER_LDFLAGS = "";
				PRODUCT_BUNDLE_IDENTIFIER = SIIT.PicTiles;
				PRODUCT_NAME = "$(TARGET_NAME)";
				SWIFT_OBJC_BRIDGING_HEADER = "PicTiles/PicTiles-Bridging-Header.h";
			};
			name = Release;
		};
		7961427E1BFF5FFE009E064A /* Debug */ = {
			isa = XCBuildConfiguration;
			buildSettings = {
				BUNDLE_LOADER = "$(TEST_HOST)";
				INFOPLIST_FILE = PicTilesTests/Info.plist;
				LD_RUNPATH_SEARCH_PATHS = "$(inherited) @executable_path/Frameworks @loader_path/Frameworks";
				PRODUCT_BUNDLE_IDENTIFIER = SIIT.PicTilesTests;
				PRODUCT_NAME = "$(TARGET_NAME)";
				TEST_HOST = "$(BUILT_PRODUCTS_DIR)/PicTiles.app/PicTiles";
			};
			name = Debug;
		};
		7961427F1BFF5FFE009E064A /* Release */ = {
			isa = XCBuildConfiguration;
			buildSettings = {
				BUNDLE_LOADER = "$(TEST_HOST)";
				INFOPLIST_FILE = PicTilesTests/Info.plist;
				LD_RUNPATH_SEARCH_PATHS = "$(inherited) @executable_path/Frameworks @loader_path/Frameworks";
				PRODUCT_BUNDLE_IDENTIFIER = SIIT.PicTilesTests;
				PRODUCT_NAME = "$(TARGET_NAME)";
				TEST_HOST = "$(BUILT_PRODUCTS_DIR)/PicTiles.app/PicTiles";
			};
			name = Release;
		};
		796142811BFF5FFE009E064A /* Debug */ = {
			isa = XCBuildConfiguration;
			buildSettings = {
				INFOPLIST_FILE = PicTilesUITests/Info.plist;
				LD_RUNPATH_SEARCH_PATHS = "$(inherited) @executable_path/Frameworks @loader_path/Frameworks";
				PRODUCT_BUNDLE_IDENTIFIER = SIIT.PicTilesUITests;
				PRODUCT_NAME = "$(TARGET_NAME)";
				TEST_TARGET_NAME = PicTiles;
				USES_XCTRUNNER = YES;
			};
			name = Debug;
		};
		796142821BFF5FFE009E064A /* Release */ = {
			isa = XCBuildConfiguration;
			buildSettings = {
				INFOPLIST_FILE = PicTilesUITests/Info.plist;
				LD_RUNPATH_SEARCH_PATHS = "$(inherited) @executable_path/Frameworks @loader_path/Frameworks";
				PRODUCT_BUNDLE_IDENTIFIER = SIIT.PicTilesUITests;
				PRODUCT_NAME = "$(TARGET_NAME)";
				TEST_TARGET_NAME = PicTiles;
				USES_XCTRUNNER = YES;
			};
			name = Release;
		};
/* End XCBuildConfiguration section */

/* Begin XCConfigurationList section */
		7961424A1BFF5FFE009E064A /* Build configuration list for PBXProject "PicTiles" */ = {
			isa = XCConfigurationList;
			buildConfigurations = (
				796142781BFF5FFE009E064A /* Debug */,
				796142791BFF5FFE009E064A /* Release */,
			);
			defaultConfigurationIsVisible = 0;
			defaultConfigurationName = Release;
		};
		7961427A1BFF5FFE009E064A /* Build configuration list for PBXNativeTarget "PicTiles" */ = {
			isa = XCConfigurationList;
			buildConfigurations = (
				7961427B1BFF5FFE009E064A /* Debug */,
				7961427C1BFF5FFE009E064A /* Release */,
			);
			defaultConfigurationIsVisible = 0;
			defaultConfigurationName = Release;
		};
		7961427D1BFF5FFE009E064A /* Build configuration list for PBXNativeTarget "PicTilesTests" */ = {
			isa = XCConfigurationList;
			buildConfigurations = (
				7961427E1BFF5FFE009E064A /* Debug */,
				7961427F1BFF5FFE009E064A /* Release */,
			);
			defaultConfigurationIsVisible = 0;
			defaultConfigurationName = Release;
		};
		796142801BFF5FFE009E064A /* Build configuration list for PBXNativeTarget "PicTilesUITests" */ = {
			isa = XCConfigurationList;
			buildConfigurations = (
				796142811BFF5FFE009E064A /* Debug */,
				796142821BFF5FFE009E064A /* Release */,
			);
			defaultConfigurationIsVisible = 0;
			defaultConfigurationName = Release;
		};
/* End XCConfigurationList section */

/* Begin XCVersionGroup section */
		796142591BFF5FFE009E064A /* PicTiles.xcdatamodeld */ = {
			isa = XCVersionGroup;
			children = (
				7961425A1BFF5FFE009E064A /* PicTiles.xcdatamodel */,
			);
			currentVersion = 7961425A1BFF5FFE009E064A /* PicTiles.xcdatamodel */;
			path = PicTiles.xcdatamodeld;
			sourceTree = "<group>";
			versionGroupType = wrapper.xcdatamodel;
		};
/* End XCVersionGroup section */
	};
	rootObject = 796142471BFF5FFE009E064A /* Project object */;
}
